
Microsoft Visual Studio Solution File, Format Version 12.00
# Visual Studio 15
VisualStudioVersion = 15.0.27130.2027
MinimumVisualStudioVersion = 10.0.40219.1
Project("{9A19103F-16F7-4668-BE54-9A1E7A4F7556}") = "NursingChecklistManager", "Checklist-Manager-Capstone\NursingChecklistManager.csproj", "{C408E004-0BA8-4335-90A4-16832AEF3B1E}"
EndProject
Global
	GlobalSection(SolutionConfigurationPlatforms) = preSolution
		Debug|Any CPU = Debug|Any CPU
		Release|Any CPU = Release|Any CPU
	EndGlobalSection
	GlobalSection(ProjectConfigurationPlatforms) = postSolution
		{C408E004-0BA8-4335-90A4-16832AEF3B1E}.Debug|Any CPU.ActiveCfg = Debug|Any CPU
		{C408E004-0BA8-4335-90A4-16832AEF3B1E}.Debug|Any CPU.Build.0 = Debug|Any CPU
		{C408E004-0BA8-4335-90A4-16832AEF3B1E}.Release|Any CPU.ActiveCfg = Release|Any CPU
		{C408E004-0BA8-4335-90A4-16832AEF3B1E}.Release|Any CPU.Build.0 = Release|Any CPU
	EndGlobalSection
	GlobalSection(SolutionProperties) = preSolution
		HideSolutionNode = FALSE
	EndGlobalSection
	GlobalSection(ExtensibilityGlobals) = postSolution
		SolutionGuid = {1115816B-53F3-4B58-8180-3E82393BD6BC}
	EndGlobalSection
EndGlobal
